
Microsoft Visual Studio Solution File, Format Version 12.00
# Visual Studio Version 16
VisualStudioVersion = 16.0.28902.138
MinimumVisualStudioVersion = 10.0.40219.1
Project("{9A19103F-16F7-4668-BE54-9A1E7A4F7556}") = "WikiClientLibrary", "WikiClientLibrary\WikiClientLibrary.csproj", "{15E595DB-4FF0-4722-AC16-1881C6B811CC}"
EndProject
Project("{9A19103F-16F7-4668-BE54-9A1E7A4F7556}") = "UnitTestProject1", "UnitTestProject1\UnitTestProject1.csproj", "{7D4BFD1B-2290-47B5-B8A3-5C67427E0AC1}"
EndProject
Project("{2150E333-8FDC-42A3-9474-1A3956D46DE8}") = "Solution Items", "Solution Items", "{4C8F5DE7-898C-4311-876A-AB07BD8B32A1}"
	ProjectSection(SolutionItems) = preProject
		.editorconfig = .editorconfig
		LICENSE.md = LICENSE.md
		nuget.config = nuget.config
		README.md = README.md
		WikiClientLibrary.Commons\WikiClientLibrary.Commons.props = WikiClientLibrary.Commons\WikiClientLibrary.Commons.props
		WikiClientLibrary.Commons\WikiClientLibrary.Packages.props = WikiClientLibrary.Commons\WikiClientLibrary.Packages.props
	EndProjectSection
EndProject
Project("{7CF6DF6D-3B04-46F8-A40B-537D21BCA0B4}") = "DocumentationProject", "DocumentationProject\DocumentationProject.shfbproj", "{9EE6A01D-862F-48F1-A090-81AA67D9E9FC}"
	ProjectSection(ProjectDependencies) = postProject
		{D8BAC074-4A89-4A84-B46C-51E6541BA582} = {D8BAC074-4A89-4A84-B46C-51E6541BA582}
		{C7EDDB8C-6880-4211-9608-23EA730F638D} = {C7EDDB8C-6880-4211-9608-23EA730F638D}
		{15E595DB-4FF0-4722-AC16-1881C6B811CC} = {15E595DB-4FF0-4722-AC16-1881C6B811CC}
		{C17C49FD-F760-45AA-8D6C-7A230F871B44} = {C17C49FD-F760-45AA-8D6C-7A230F871B44}
	EndProjectSection
EndProject
Project("{9A19103F-16F7-4668-BE54-9A1E7A4F7556}") = "WikiClientLibrary.Wikibase", "WikiClientLibrary.Wikibase\WikiClientLibrary.Wikibase.csproj", "{D8BAC074-4A89-4A84-B46C-51E6541BA582}"
EndProject
Project("{9A19103F-16F7-4668-BE54-9A1E7A4F7556}") = "WikiClientLibrary.Flow", "WikiClientLibrary.Flow\WikiClientLibrary.Flow.csproj", "{C7EDDB8C-6880-4211-9608-23EA730F638D}"
EndProject
Project("{9A19103F-16F7-4668-BE54-9A1E7A4F7556}") = "WikiClientLibrary.Wikia", "WikiClientLibrary.Wikia\WikiClientLibrary.Wikia.csproj", "{C17C49FD-F760-45AA-8D6C-7A230F871B44}"
EndProject
Project("{9A19103F-16F7-4668-BE54-9A1E7A4F7556}") = "WikiClientLibrary.Cargo", "WikiClientLibrary.Cargo\WikiClientLibrary.Cargo.csproj", "{1C989C60-6DB0-4330-96DA-69A92158092B}"
EndProject
Project("{2150E333-8FDC-42A3-9474-1A3956D46DE8}") = "Samples", "Samples", "{4336D0E0-D886-4A9A-B910-D5D565925E75}"
EndProject
Project("{9A19103F-16F7-4668-BE54-9A1E7A4F7556}") = "LinqToCargo", "Samples\LinqToCargo\LinqToCargo.csproj", "{90852321-1D1A-424F-ACCA-70F09F723D0F}"
EndProject
Project("{9A19103F-16F7-4668-BE54-9A1E7A4F7556}") = "ConsoleTestApplication1", "Samples\ConsoleTestApplication1\ConsoleTestApplication1.csproj", "{9113BED0-AAC8-45FE-9963-AB9C86E2293F}"
EndProject
Project("{9A19103F-16F7-4668-BE54-9A1E7A4F7556}") = "ScribuntoInteractive", "Samples\ScribuntoInteractive\ScribuntoInteractive.csproj", "{61782A0A-648E-4786-8C03-88DFC02B204D}"
EndProject
Project("{9A19103F-16F7-4668-BE54-9A1E7A4F7556}") = "WpfTestApplication1", "Samples\WpfTestApplication1\WpfTestApplication1.csproj", "{5569911D-3CB4-44C1-B488-01A9CF833612}"
EndProject
Global
	GlobalSection(SolutionConfigurationPlatforms) = preSolution
		CIRelease|Any CPU = CIRelease|Any CPU
		Debug|Any CPU = Debug|Any CPU
		Publish|Any CPU = Publish|Any CPU
		Release|Any CPU = Release|Any CPU
	EndGlobalSection
	GlobalSection(ProjectConfigurationPlatforms) = postSolution
		{15E595DB-4FF0-4722-AC16-1881C6B811CC}.CIRelease|Any CPU.ActiveCfg = Release|Any CPU
		{15E595DB-4FF0-4722-AC16-1881C6B811CC}.CIRelease|Any CPU.Build.0 = Release|Any CPU
		{15E595DB-4FF0-4722-AC16-1881C6B811CC}.Debug|Any CPU.ActiveCfg = Debug|Any CPU
		{15E595DB-4FF0-4722-AC16-1881C6B811CC}.Debug|Any CPU.Build.0 = Debug|Any CPU
		{15E595DB-4FF0-4722-AC16-1881C6B811CC}.Publish|Any CPU.ActiveCfg = Release|Any CPU
		{15E595DB-4FF0-4722-AC16-1881C6B811CC}.Publish|Any CPU.Build.0 = Release|Any CPU
		{15E595DB-4FF0-4722-AC16-1881C6B811CC}.Release|Any CPU.ActiveCfg = Release|Any CPU
		{15E595DB-4FF0-4722-AC16-1881C6B811CC}.Release|Any CPU.Build.0 = Release|Any CPU
		{7D4BFD1B-2290-47B5-B8A3-5C67427E0AC1}.CIRelease|Any CPU.ActiveCfg = Release|Any CPU
		{7D4BFD1B-2290-47B5-B8A3-5C67427E0AC1}.CIRelease|Any CPU.Build.0 = Release|Any CPU
		{7D4BFD1B-2290-47B5-B8A3-5C67427E0AC1}.Debug|Any CPU.ActiveCfg = Debug|Any CPU
		{7D4BFD1B-2290-47B5-B8A3-5C67427E0AC1}.Debug|Any CPU.Build.0 = Debug|Any CPU
		{7D4BFD1B-2290-47B5-B8A3-5C67427E0AC1}.Publish|Any CPU.ActiveCfg = Release|Any CPU
		{7D4BFD1B-2290-47B5-B8A3-5C67427E0AC1}.Publish|Any CPU.Build.0 = Release|Any CPU
		{7D4BFD1B-2290-47B5-B8A3-5C67427E0AC1}.Release|Any CPU.ActiveCfg = Release|Any CPU
		{7D4BFD1B-2290-47B5-B8A3-5C67427E0AC1}.Release|Any CPU.Build.0 = Release|Any CPU
		{9EE6A01D-862F-48F1-A090-81AA67D9E9FC}.CIRelease|Any CPU.ActiveCfg = Release|Any CPU
		{9EE6A01D-862F-48F1-A090-81AA67D9E9FC}.Debug|Any CPU.ActiveCfg = Debug|Any CPU
		{9EE6A01D-862F-48F1-A090-81AA67D9E9FC}.Publish|Any CPU.ActiveCfg = Release|Any CPU
		{9EE6A01D-862F-48F1-A090-81AA67D9E9FC}.Publish|Any CPU.Build.0 = Release|Any CPU
		{9EE6A01D-862F-48F1-A090-81AA67D9E9FC}.Release|Any CPU.ActiveCfg = Release|Any CPU
		{D8BAC074-4A89-4A84-B46C-51E6541BA582}.CIRelease|Any CPU.ActiveCfg = Release|Any CPU
		{D8BAC074-4A89-4A84-B46C-51E6541BA582}.CIRelease|Any CPU.Build.0 = Release|Any CPU
		{D8BAC074-4A89-4A84-B46C-51E6541BA582}.Debug|Any CPU.ActiveCfg = Debug|Any CPU
		{D8BAC074-4A89-4A84-B46C-51E6541BA582}.Debug|Any CPU.Build.0 = Debug|Any CPU
		{D8BAC074-4A89-4A84-B46C-51E6541BA582}.Publish|Any CPU.ActiveCfg = Release|Any CPU
		{D8BAC074-4A89-4A84-B46C-51E6541BA582}.Publish|Any CPU.Build.0 = Release|Any CPU
		{D8BAC074-4A89-4A84-B46C-51E6541BA582}.Release|Any CPU.ActiveCfg = Release|Any CPU
		{D8BAC074-4A89-4A84-B46C-51E6541BA582}.Release|Any CPU.Build.0 = Release|Any CPU
		{C7EDDB8C-6880-4211-9608-23EA730F638D}.CIRelease|Any CPU.ActiveCfg = Release|Any CPU
		{C7EDDB8C-6880-4211-9608-23EA730F638D}.CIRelease|Any CPU.Build.0 = Release|Any CPU
		{C7EDDB8C-6880-4211-9608-23EA730F638D}.Debug|Any CPU.ActiveCfg = Debug|Any CPU
		{C7EDDB8C-6880-4211-9608-23EA730F638D}.Debug|Any CPU.Build.0 = Debug|Any CPU
		{C7EDDB8C-6880-4211-9608-23EA730F638D}.Publish|Any CPU.ActiveCfg = Release|Any CPU
		{C7EDDB8C-6880-4211-9608-23EA730F638D}.Publish|Any CPU.Build.0 = Release|Any CPU
		{C7EDDB8C-6880-4211-9608-23EA730F638D}.Release|Any CPU.ActiveCfg = Release|Any CPU
		{C7EDDB8C-6880-4211-9608-23EA730F638D}.Release|Any CPU.Build.0 = Release|Any CPU
		{C17C49FD-F760-45AA-8D6C-7A230F871B44}.CIRelease|Any CPU.ActiveCfg = Release|Any CPU
		{C17C49FD-F760-45AA-8D6C-7A230F871B44}.CIRelease|Any CPU.Build.0 = Release|Any CPU
		{C17C49FD-F760-45AA-8D6C-7A230F871B44}.Debug|Any CPU.ActiveCfg = Debug|Any CPU
		{C17C49FD-F760-45AA-8D6C-7A230F871B44}.Debug|Any CPU.Build.0 = Debug|Any CPU
		{C17C49FD-F760-45AA-8D6C-7A230F871B44}.Publish|Any CPU.ActiveCfg = Release|Any CPU
		{C17C49FD-F760-45AA-8D6C-7A230F871B44}.Publish|Any CPU.Build.0 = Release|Any CPU
		{C17C49FD-F760-45AA-8D6C-7A230F871B44}.Release|Any CPU.ActiveCfg = Release|Any CPU
		{C17C49FD-F760-45AA-8D6C-7A230F871B44}.Release|Any CPU.Build.0 = Release|Any CPU
		{1C989C60-6DB0-4330-96DA-69A92158092B}.CIRelease|Any CPU.ActiveCfg = Release|Any CPU
		{1C989C60-6DB0-4330-96DA-69A92158092B}.CIRelease|Any CPU.Build.0 = Release|Any CPU
		{1C989C60-6DB0-4330-96DA-69A92158092B}.Debug|Any CPU.ActiveCfg = Debug|Any CPU
		{1C989C60-6DB0-4330-96DA-69A92158092B}.Debug|Any CPU.Build.0 = Debug|Any CPU
		{1C989C60-6DB0-4330-96DA-69A92158092B}.Publish|Any CPU.ActiveCfg = Debug|Any CPU
		{1C989C60-6DB0-4330-96DA-69A92158092B}.Publish|Any CPU.Build.0 = Debug|Any CPU
		{1C989C60-6DB0-4330-96DA-69A92158092B}.Release|Any CPU.ActiveCfg = Release|Any CPU
		{1C989C60-6DB0-4330-96DA-69A92158092B}.Release|Any CPU.Build.0 = Release|Any CPU
		{90852321-1D1A-424F-ACCA-70F09F723D0F}.CIRelease|Any CPU.ActiveCfg = Release|Any CPU
		{90852321-1D1A-424F-ACCA-70F09F723D0F}.CIRelease|Any CPU.Build.0 = Release|Any CPU
		{90852321-1D1A-424F-ACCA-70F09F723D0F}.Debug|Any CPU.ActiveCfg = Debug|Any CPU
		{90852321-1D1A-424F-ACCA-70F09F723D0F}.Debug|Any CPU.Build.0 = Debug|Any CPU
		{90852321-1D1A-424F-ACCA-70F09F723D0F}.Publish|Any CPU.ActiveCfg = Debug|Any CPU
		{90852321-1D1A-424F-ACCA-70F09F723D0F}.Publish|Any CPU.Build.0 = Debug|Any CPU
		{90852321-1D1A-424F-ACCA-70F09F723D0F}.Release|Any CPU.ActiveCfg = Release|Any CPU
		{90852321-1D1A-424F-ACCA-70F09F723D0F}.Release|Any CPU.Build.0 = Release|Any CPU
		{9113BED0-AAC8-45FE-9963-AB9C86E2293F}.CIRelease|Any CPU.ActiveCfg = Release|Any CPU
		{9113BED0-AAC8-45FE-9963-AB9C86E2293F}.CIRelease|Any CPU.Build.0 = Release|Any CPU
		{9113BED0-AAC8-45FE-9963-AB9C86E2293F}.Debug|Any CPU.ActiveCfg = Debug|Any CPU
		{9113BED0-AAC8-45FE-9963-AB9C86E2293F}.Debug|Any CPU.Build.0 = Debug|Any CPU
		{9113BED0-AAC8-45FE-9963-AB9C86E2293F}.Publish|Any CPU.ActiveCfg = Debug|Any CPU
		{9113BED0-AAC8-45FE-9963-AB9C86E2293F}.Publish|Any CPU.Build.0 = Debug|Any CPU
		{9113BED0-AAC8-45FE-9963-AB9C86E2293F}.Release|Any CPU.ActiveCfg = Release|Any CPU
		{9113BED0-AAC8-45FE-9963-AB9C86E2293F}.Release|Any CPU.Build.0 = Release|Any CPU
		{61782A0A-648E-4786-8C03-88DFC02B204D}.CIRelease|Any CPU.ActiveCfg = Release|Any CPU
		{61782A0A-648E-4786-8C03-88DFC02B204D}.CIRelease|Any CPU.Build.0 = Release|Any CPU
		{61782A0A-648E-4786-8C03-88DFC02B204D}.Debug|Any CPU.ActiveCfg = Debug|Any CPU
		{61782A0A-648E-4786-8C03-88DFC02B204D}.Debug|Any CPU.Build.0 = Debug|Any CPU
		{61782A0A-648E-4786-8C03-88DFC02B204D}.Publish|Any CPU.ActiveCfg = Debug|Any CPU
		{61782A0A-648E-4786-8C03-88DFC02B204D}.Publish|Any CPU.Build.0 = Debug|Any CPU
		{61782A0A-648E-4786-8C03-88DFC02B204D}.Release|Any CPU.ActiveCfg = Release|Any CPU
		{61782A0A-648E-4786-8C03-88DFC02B204D}.Release|Any CPU.Build.0 = Release|Any CPU
		{5569911D-3CB4-44C1-B488-01A9CF833612}.CIRelease|Any CPU.ActiveCfg = Release|Any CPU
		{5569911D-3CB4-44C1-B488-01A9CF833612}.Debug|Any CPU.ActiveCfg = Debug|Any CPU
		{5569911D-3CB4-44C1-B488-01A9CF833612}.Debug|Any CPU.Build.0 = Debug|Any CPU
		{5569911D-3CB4-44C1-B488-01A9CF833612}.Publish|Any CPU.ActiveCfg = Debug|Any CPU
		{5569911D-3CB4-44C1-B488-01A9CF833612}.Publish|Any CPU.Build.0 = Debug|Any CPU
		{5569911D-3CB4-44C1-B488-01A9CF833612}.Release|Any CPU.ActiveCfg = Release|Any CPU
		{5569911D-3CB4-44C1-B488-01A9CF833612}.Release|Any CPU.Build.0 = Release|Any CPU
	EndGlobalSection
	GlobalSection(SolutionProperties) = preSolution
		HideSolutionNode = FALSE
	EndGlobalSection
	GlobalSection(NestedProjects) = preSolution
		{90852321-1D1A-424F-ACCA-70F09F723D0F} = {4336D0E0-D886-4A9A-B910-D5D565925E75}
		{9113BED0-AAC8-45FE-9963-AB9C86E2293F} = {4336D0E0-D886-4A9A-B910-D5D565925E75}
		{61782A0A-648E-4786-8C03-88DFC02B204D} = {4336D0E0-D886-4A9A-B910-D5D565925E75}
		{5569911D-3CB4-44C1-B488-01A9CF833612} = {4336D0E0-D886-4A9A-B910-D5D565925E75}
	EndGlobalSection
	GlobalSection(ExtensibilityGlobals) = postSolution
		SolutionGuid = {A3297792-E20E-4BA1-A1CD-6D709FF253DC}
	EndGlobalSection
EndGlobal
